
Microsoft Visual Studio Solution File, Format Version 12.00
# Visual Studio Version 16
VisualStudioVersion = 16.0.29728.190
MinimumVisualStudioVersion = 10.0.40219.1
Project("{9A19103F-16F7-4668-BE54-9A1E7A4F7556}") = "MergeLists", "MergeLists\MergeLists.csproj", "{57423D12-0C81-4B07-A8A0-F7454CE64733}"
EndProject
Project("{9A19103F-16F7-4668-BE54-9A1E7A4F7556}") = "tree", "tree\tree.csproj", "{CBBED318-0D13-4B6A-B6D9-D69159D4FE4D}"
EndProject
Project("{9A19103F-16F7-4668-BE54-9A1E7A4F7556}") = "FizzBuzz", "fizz\FizzBuzz\FizzBuzz.csproj", "{A0ADF18E-4DA7-4C7F-88E2-38DBD9674847}"
EndProject
Project("{9A19103F-16F7-4668-BE54-9A1E7A4F7556}") = "250MinuteTest", "250MinuteTest\250MinuteTest\250MinuteTest.csproj", "{D4CB5EFD-007E-4D2D-80C6-5F8743027474}"
EndProject
Project("{9A19103F-16F7-4668-BE54-9A1E7A4F7556}") = "API", "API\API\API.csproj", "{55060893-8A32-4B58-AC02-8F7A541E3A62}"
EndProject
Global
	GlobalSection(SolutionConfigurationPlatforms) = preSolution
		Debug|Any CPU = Debug|Any CPU
		Release|Any CPU = Release|Any CPU
	EndGlobalSection
	GlobalSection(ProjectConfigurationPlatforms) = postSolution
		{57423D12-0C81-4B07-A8A0-F7454CE64733}.Debug|Any CPU.ActiveCfg = Debug|Any CPU
		{57423D12-0C81-4B07-A8A0-F7454CE64733}.Debug|Any CPU.Build.0 = Debug|Any CPU
		{57423D12-0C81-4B07-A8A0-F7454CE64733}.Release|Any CPU.ActiveCfg = Release|Any CPU
		{57423D12-0C81-4B07-A8A0-F7454CE64733}.Release|Any CPU.Build.0 = Release|Any CPU
		{CBBED318-0D13-4B6A-B6D9-D69159D4FE4D}.Debug|Any CPU.ActiveCfg = Debug|Any CPU
		{CBBED318-0D13-4B6A-B6D9-D69159D4FE4D}.Debug|Any CPU.Build.0 = Debug|Any CPU
		{CBBED318-0D13-4B6A-B6D9-D69159D4FE4D}.Release|Any CPU.ActiveCfg = Release|Any CPU
		{CBBED318-0D13-4B6A-B6D9-D69159D4FE4D}.Release|Any CPU.Build.0 = Release|Any CPU
		{A0ADF18E-4DA7-4C7F-88E2-38DBD9674847}.Debug|Any CPU.ActiveCfg = Debug|Any CPU
		{A0ADF18E-4DA7-4C7F-88E2-38DBD9674847}.Debug|Any CPU.Build.0 = Debug|Any CPU
		{A0ADF18E-4DA7-4C7F-88E2-38DBD9674847}.Release|Any CPU.ActiveCfg = Release|Any CPU
		{A0ADF18E-4DA7-4C7F-88E2-38DBD9674847}.Release|Any CPU.Build.0 = Release|Any CPU
		{D4CB5EFD-007E-4D2D-80C6-5F8743027474}.Debug|Any CPU.ActiveCfg = Debug|Any CPU
		{D4CB5EFD-007E-4D2D-80C6-5F8743027474}.Debug|Any CPU.Build.0 = Debug|Any CPU
		{D4CB5EFD-007E-4D2D-80C6-5F8743027474}.Release|Any CPU.ActiveCfg = Release|Any CPU
		{D4CB5EFD-007E-4D2D-80C6-5F8743027474}.Release|Any CPU.Build.0 = Release|Any CPU
		{55060893-8A32-4B58-AC02-8F7A541E3A62}.Debug|Any CPU.ActiveCfg = Debug|Any CPU
		{55060893-8A32-4B58-AC02-8F7A541E3A62}.Debug|Any CPU.Build.0 = Debug|Any CPU
		{55060893-8A32-4B58-AC02-8F7A541E3A62}.Release|Any CPU.ActiveCfg = Release|Any CPU
		{55060893-8A32-4B58-AC02-8F7A541E3A62}.Release|Any CPU.Build.0 = Release|Any CPU
	EndGlobalSection
	GlobalSection(SolutionProperties) = preSolution
		HideSolutionNode = FALSE
	EndGlobalSection
	GlobalSection(ExtensibilityGlobals) = postSolution
		SolutionGuid = {CE8BD7AC-9707-48BD-BF77-3CECF6DB8D92}
	EndGlobalSection
EndGlobal
